// !$*UTF8*$!
{
	archiveVersion = 1;
	classes = {
	};
	objectVersion = 46;
	objects = {

/* Begin PBXBuildFile section */
		1C03782B191B387500A7C9DA /* Foundation.framework in Frameworks */ = {isa = PBXBuildFile; fileRef = 1C03782A191B387500A7C9DA /* Foundation.framework */; };
		1C037839191B387500A7C9DA /* XCTest.framework in Frameworks */ = {isa = PBXBuildFile; fileRef = 1C037838191B387500A7C9DA /* XCTest.framework */; };
		1C03783A191B387500A7C9DA /* Foundation.framework in Frameworks */ = {isa = PBXBuildFile; fileRef = 1C03782A191B387500A7C9DA /* Foundation.framework */; };
		1C03783C191B387500A7C9DA /* UIKit.framework in Frameworks */ = {isa = PBXBuildFile; fileRef = 1C03783B191B387500A7C9DA /* UIKit.framework */; };
		1C03783F191B387500A7C9DA /* libVLayoutManager.a in Frameworks */ = {isa = PBXBuildFile; fileRef = 1C037827191B387500A7C9DA /* libVLayoutManager.a */; };
		1C037845191B387500A7C9DA /* InfoPlist.strings in Resources */ = {isa = PBXBuildFile; fileRef = 1C037843191B387500A7C9DA /* InfoPlist.strings */; };
		1C037847191B387500A7C9DA /* VLayoutManagerTests.m in Sources */ = {isa = PBXBuildFile; fileRef = 1C037846191B387500A7C9DA /* VLayoutManagerTests.m */; };
		1C037869191B38E400A7C9DA /* VDrawItemCanvasView.m in Sources */ = {isa = PBXBuildFile; fileRef = 1C037852191B38E400A7C9DA /* VDrawItemCanvasView.m */; };
		1C03786A191B38E400A7C9DA /* VDrawItem.m in Sources */ = {isa = PBXBuildFile; fileRef = 1C037855191B38E400A7C9DA /* VDrawItem.m */; };
		1C03786B191B38E400A7C9DA /* VDrawItemAttatch.m in Sources */ = {isa = PBXBuildFile; fileRef = 1C037857191B38E400A7C9DA /* VDrawItemAttatch.m */; };
		1C03786C191B38E400A7C9DA /* VDrawItemCoreText.m in Sources */ = {isa = PBXBuildFile; fileRef = 1C037859191B38E400A7C9DA /* VDrawItemCoreText.m */; };
		1C03786D191B38E400A7C9DA /* VDrawItemEmotion.m in Sources */ = {isa = PBXBuildFile; fileRef = 1C03785B191B38E400A7C9DA /* VDrawItemEmotion.m */; };
		1C03786E191B38E400A7C9DA /* VDrawItemImage.m in Sources */ = {isa = PBXBuildFile; fileRef = 1C03785D191B38E400A7C9DA /* VDrawItemImage.m */; };
		1C03786F191B38E400A7C9DA /* VDrawItemText.m in Sources */ = {isa = PBXBuildFile; fileRef = 1C03785F191B38E400A7C9DA /* VDrawItemText.m */; };
		1C037870191B38E400A7C9DA /* VDrawItemURL.m in Sources */ = {isa = PBXBuildFile; fileRef = 1C037861191B38E400A7C9DA /* VDrawItemURL.m */; };
		1C037871191B38E400A7C9DA /* VDrawItemView.m in Sources */ = {isa = PBXBuildFile; fileRef = 1C037863191B38E400A7C9DA /* VDrawItemView.m */; };
		1C037872191B38E400A7C9DA /* VLayoutInfo.m in Sources */ = {isa = PBXBuildFile; fileRef = 1C037865191B38E400A7C9DA /* VLayoutInfo.m */; };
		1C037873191B38E400A7C9DA /* VLayoutManager.m in Sources */ = {isa = PBXBuildFile; fileRef = 1C037867191B38E400A7C9DA /* VLayoutManager.m */; };
/* End PBXBuildFile section */

/* Begin PBXContainerItemProxy section */
		1C03783D191B387500A7C9DA /* PBXContainerItemProxy */ = {
			isa = PBXContainerItemProxy;
			containerPortal = 1C03781F191B387500A7C9DA /* Project object */;
			proxyType = 1;
			remoteGlobalIDString = 1C037826191B387500A7C9DA;
			remoteInfo = VLayoutManager;
		};
/* End PBXContainerItemProxy section */

/* Begin PBXCopyFilesBuildPhase section */
		1C037825191B387500A7C9DA /* CopyFiles */ = {
			isa = PBXCopyFilesBuildPhase;
			buildActionMask = 2147483647;
			dstPath = "include/$(PRODUCT_NAME)";
			dstSubfolderSpec = 16;
			files = (
			);
			runOnlyForDeploymentPostprocessing = 0;
		};
/* End PBXCopyFilesBuildPhase section */

/* Begin PBXFileReference section */
		1C037827191B387500A7C9DA /* libVLayoutManager.a */ = {isa = PBXFileReference; explicitFileType = archive.ar; includeInIndex = 0; path = libVLayoutManager.a; sourceTree = BUILT_PRODUCTS_DIR; };
		1C03782A191B387500A7C9DA /* Foundation.framework */ = {isa = PBXFileReference; lastKnownFileType = wrapper.framework; name = Foundation.framework; path = System/Library/Frameworks/Foundation.framework; sourceTree = SDKROOT; };
		1C037837191B387500A7C9DA /* VLayoutManagerTests.xctest */ = {isa = PBXFileReference; explicitFileType = wrapper.cfbundle; includeInIndex = 0; path = VLayoutManagerTests.xctest; sourceTree = BUILT_PRODUCTS_DIR; };
		1C037838191B387500A7C9DA /* XCTest.framework */ = {isa = PBXFileReference; lastKnownFileType = wrapper.framework; name = XCTest.framework; path = Library/Frameworks/XCTest.framework; sourceTree = DEVELOPER_DIR; };
		1C03783B191B387500A7C9DA /* UIKit.framework */ = {isa = PBXFileReference; lastKnownFileType = wrapper.framework; name = UIKit.framework; path = Library/Frameworks/UIKit.framework; sourceTree = DEVELOPER_DIR; };
		1C037842191B387500A7C9DA /* VLayoutManagerTests-Info.plist */ = {isa = PBXFileReference; lastKnownFileType = text.plist.xml; path = "VLayoutManagerTests-Info.plist"; sourceTree = "<group>"; };
		1C037844191B387500A7C9DA /* en */ = {isa = PBXFileReference; lastKnownFileType = text.plist.strings; name = en; path = en.lproj/InfoPlist.strings; sourceTree = "<group>"; };
		1C037846191B387500A7C9DA /* VLayoutManagerTests.m */ = {isa = PBXFileReference; lastKnownFileType = sourcecode.c.objc; path = VLayoutManagerTests.m; sourceTree = "<group>"; };
		1C037851191B38E400A7C9DA /* VDrawItemCanvasView.h */ = {isa = PBXFileReference; fileEncoding = 4; lastKnownFileType = sourcecode.c.h; path = VDrawItemCanvasView.h; sourceTree = "<group>"; };
		1C037852191B38E400A7C9DA /* VDrawItemCanvasView.m */ = {isa = PBXFileReference; fileEncoding = 4; lastKnownFileType = sourcecode.c.objc; path = VDrawItemCanvasView.m; sourceTree = "<group>"; };
		1C037854191B38E400A7C9DA /* VDrawItem.h */ = {isa = PBXFileReference; fileEncoding = 4; lastKnownFileType = sourcecode.c.h; path = VDrawItem.h; sourceTree = "<group>"; };
		1C037855191B38E400A7C9DA /* VDrawItem.m */ = {isa = PBXFileReference; fileEncoding = 4; lastKnownFileType = sourcecode.c.objc; path = VDrawItem.m; sourceTree = "<group>"; };
		1C037856191B38E400A7C9DA /* VDrawItemAttatch.h */ = {isa = PBXFileReference; fileEncoding = 4; lastKnownFileType = sourcecode.c.h; path = VDrawItemAttatch.h; sourceTree = "<group>"; };
		1C037857191B38E400A7C9DA /* VDrawItemAttatch.m */ = {isa = PBXFileReference; fileEncoding = 4; lastKnownFileType = sourcecode.c.objc; path = VDrawItemAttatch.m; sourceTree = "<group>"; };
		1C037858191B38E400A7C9DA /* VDrawItemCoreText.h */ = {isa = PBXFileReference; fileEncoding = 4; lastKnownFileType = sourcecode.c.h; path = VDrawItemCoreText.h; sourceTree = "<group>"; };
		1C037859191B38E400A7C9DA /* VDrawItemCoreText.m */ = {isa = PBXFileReference; fileEncoding = 4; lastKnownFileType = sourcecode.c.objc; path = VDrawItemCoreText.m; sourceTree = "<group>"; };
		1C03785A191B38E400A7C9DA /* VDrawItemEmotion.h */ = {isa = PBXFileReference; fileEncoding = 4; lastKnownFileType = sourcecode.c.h; path = VDrawItemEmotion.h; sourceTree = "<group>"; };
		1C03785B191B38E400A7C9DA /* VDrawItemEmotion.m */ = {isa = PBXFileReference; fileEncoding = 4; lastKnownFileType = sourcecode.c.objc; path = VDrawItemEmotion.m; sourceTree = "<group>"; };
		1C03785C191B38E400A7C9DA /* VDrawItemImage.h */ = {isa = PBXFileReference; fileEncoding = 4; lastKnownFileType = sourcecode.c.h; path = VDrawItemImage.h; sourceTree = "<group>"; };
		1C03785D191B38E400A7C9DA /* VDrawItemImage.m */ = {isa = PBXFileReference; fileEncoding = 4; lastKnownFileType = sourcecode.c.objc; path = VDrawItemImage.m; sourceTree = "<group>"; };
		1C03785E191B38E400A7C9DA /* VDrawItemText.h */ = {isa = PBXFileReference; fileEncoding = 4; lastKnownFileType = sourcecode.c.h; path = VDrawItemText.h; sourceTree = "<group>"; };
		1C03785F191B38E400A7C9DA /* VDrawItemText.m */ = {isa = PBXFileReference; fileEncoding = 4; lastKnownFileType = sourcecode.c.objc; path = VDrawItemText.m; sourceTree = "<group>"; };
		1C037860191B38E400A7C9DA /* VDrawItemURL.h */ = {isa = PBXFileReference; fileEncoding = 4; lastKnownFileType = sourcecode.c.h; path = VDrawItemURL.h; sourceTree = "<group>"; };
		1C037861191B38E400A7C9DA /* VDrawItemURL.m */ = {isa = PBXFileReference; fileEncoding = 4; lastKnownFileType = sourcecode.c.objc; path = VDrawItemURL.m; sourceTree = "<group>"; };
		1C037862191B38E400A7C9DA /* VDrawItemView.h */ = {isa = PBXFileReference; fileEncoding = 4; lastKnownFileType = sourcecode.c.h; path = VDrawItemView.h; sourceTree = "<group>"; };
		1C037863191B38E400A7C9DA /* VDrawItemView.m */ = {isa = PBXFileReference; fileEncoding = 4; lastKnownFileType = sourcecode.c.objc; path = VDrawItemView.m; sourceTree = "<group>"; };
		1C037864191B38E400A7C9DA /* VLayoutInfo.h */ = {isa = PBXFileReference; fileEncoding = 4; lastKnownFileType = sourcecode.c.h; path = VLayoutInfo.h; sourceTree = "<group>"; };
		1C037865191B38E400A7C9DA /* VLayoutInfo.m */ = {isa = PBXFileReference; fileEncoding = 4; lastKnownFileType = sourcecode.c.objc; path = VLayoutInfo.m; sourceTree = "<group>"; };
		1C037866191B38E400A7C9DA /* VLayoutManager.h */ = {isa = PBXFileReference; fileEncoding = 4; lastKnownFileType = sourcecode.c.h; path = VLayoutManager.h; sourceTree = "<group>"; };
		1C037867191B38E400A7C9DA /* VLayoutManager.m */ = {isa = PBXFileReference; fileEncoding = 4; lastKnownFileType = sourcecode.c.objc; path = VLayoutManager.m; sourceTree = "<group>"; };
		1C037868191B38E400A7C9DA /* VLayoutManagerSDK.podspec */ = {isa = PBXFileReference; fileEncoding = 4; lastKnownFileType = text; path = VLayoutManagerSDK.podspec; sourceTree = "<group>"; };
		1C037874191B38F200A7C9DA /* VLayoutManager-Prefix.pch */ = {isa = PBXFileReference; fileEncoding = 4; lastKnownFileType = sourcecode.c.h; path = "VLayoutManager-Prefix.pch"; sourceTree = SOURCE_ROOT; };
/* End PBXFileReference section */

/* Begin PBXFrameworksBuildPhase section */
		1C037824191B387500A7C9DA /* Frameworks */ = {
			isa = PBXFrameworksBuildPhase;
			buildActionMask = 2147483647;
			files = (
				1C03782B191B387500A7C9DA /* Foundation.framework in Frameworks */,
			);
			runOnlyForDeploymentPostprocessing = 0;
		};
		1C037834191B387500A7C9DA /* Frameworks */ = {
			isa = PBXFrameworksBuildPhase;
			buildActionMask = 2147483647;
			files = (
				1C03783F191B387500A7C9DA /* libVLayoutManager.a in Frameworks */,
				1C037839191B387500A7C9DA /* XCTest.framework in Frameworks */,
				1C03783C191B387500A7C9DA /* UIKit.framework in Frameworks */,
				1C03783A191B387500A7C9DA /* Foundation.framework in Frameworks */,
			);
			runOnlyForDeploymentPostprocessing = 0;
		};
/* End PBXFrameworksBuildPhase section */

/* Begin PBXGroup section */
		1C03781E191B387500A7C9DA = {
			isa = PBXGroup;
			children = (
				1C03782C191B387500A7C9DA /* VLayoutManager */,
				1C037840191B387500A7C9DA /* VLayoutManagerTests */,
				1C037829191B387500A7C9DA /* Frameworks */,
				1C037828191B387500A7C9DA /* Products */,
			);
			sourceTree = "<group>";
		};
		1C037828191B387500A7C9DA /* Products */ = {
			isa = PBXGroup;
			children = (
				1C037827191B387500A7C9DA /* libVLayoutManager.a */,
				1C037837191B387500A7C9DA /* VLayoutManagerTests.xctest */,
			);
			name = Products;
			sourceTree = "<group>";
		};
		1C037829191B387500A7C9DA /* Frameworks */ = {
			isa = PBXGroup;
			children = (
				1C03782A191B387500A7C9DA /* Foundation.framework */,
				1C037838191B387500A7C9DA /* XCTest.framework */,
				1C03783B191B387500A7C9DA /* UIKit.framework */,
			);
			name = Frameworks;
			sourceTree = "<group>";
		};
		1C03782C191B387500A7C9DA /* VLayoutManager */ = {
			isa = PBXGroup;
			children = (
				1C037850191B38E400A7C9DA /* Class */,
				1C03782D191B387500A7C9DA /* Supporting Files */,
			);
			path = VLayoutManager;
			sourceTree = "<group>";
		};
		1C03782D191B387500A7C9DA /* Supporting Files */ = {
			isa = PBXGroup;
			children = (
				1C037874191B38F200A7C9DA /* VLayoutManager-Prefix.pch */,
			);
			name = "Supporting Files";
			sourceTree = "<group>";
		};
		1C037840191B387500A7C9DA /* VLayoutManagerTests */ = {
			isa = PBXGroup;
			children = (
				1C037846191B387500A7C9DA /* VLayoutManagerTests.m */,
				1C037841191B387500A7C9DA /* Supporting Files */,
			);
			path = VLayoutManagerTests;
			sourceTree = "<group>";
		};
		1C037841191B387500A7C9DA /* Supporting Files */ = {
			isa = PBXGroup;
			children = (
				1C037842191B387500A7C9DA /* VLayoutManagerTests-Info.plist */,
				1C037843191B387500A7C9DA /* InfoPlist.strings */,
			);
			name = "Supporting Files";
			sourceTree = "<group>";
		};
		1C037850191B38E400A7C9DA /* Class */ = {
			isa = PBXGroup;
			children = (
				1C037853191B38E400A7C9DA /* VItem */,
				1C037851191B38E400A7C9DA /* VDrawItemCanvasView.h */,
				1C037852191B38E400A7C9DA /* VDrawItemCanvasView.m */,
				1C037864191B38E400A7C9DA /* VLayoutInfo.h */,
				1C037865191B38E400A7C9DA /* VLayoutInfo.m */,
				1C037866191B38E400A7C9DA /* VLayoutManager.h */,
				1C037867191B38E400A7C9DA /* VLayoutManager.m */,
				1C037868191B38E400A7C9DA /* VLayoutManagerSDK.podspec */,
			);
			path = Class;
			sourceTree = SOURCE_ROOT;
		};
		1C037853191B38E400A7C9DA /* VItem */ = {
			isa = PBXGroup;
			children = (
				1C037854191B38E400A7C9DA /* VDrawItem.h */,
				1C037855191B38E400A7C9DA /* VDrawItem.m */,
				1C037856191B38E400A7C9DA /* VDrawItemAttatch.h */,
				1C037857191B38E400A7C9DA /* VDrawItemAttatch.m */,
				1C037858191B38E400A7C9DA /* VDrawItemCoreText.h */,
				1C037859191B38E400A7C9DA /* VDrawItemCoreText.m */,
				1C03785A191B38E400A7C9DA /* VDrawItemEmotion.h */,
				1C03785B191B38E400A7C9DA /* VDrawItemEmotion.m */,
				1C03785C191B38E400A7C9DA /* VDrawItemImage.h */,
				1C03785D191B38E400A7C9DA /* VDrawItemImage.m */,
				1C03785E191B38E400A7C9DA /* VDrawItemText.h */,
				1C03785F191B38E400A7C9DA /* VDrawItemText.m */,
				1C037860191B38E400A7C9DA /* VDrawItemURL.h */,
				1C037861191B38E400A7C9DA /* VDrawItemURL.m */,
				1C037862191B38E400A7C9DA /* VDrawItemView.h */,
				1C037863191B38E400A7C9DA /* VDrawItemView.m */,
			);
			path = VItem;
			sourceTree = "<group>";
		};
/* End PBXGroup section */

/* Begin PBXNativeTarget section */
		1C037826191B387500A7C9DA /* VLayoutManager */ = {
			isa = PBXNativeTarget;
			buildConfigurationList = 1C03784A191B387500A7C9DA /* Build configuration list for PBXNativeTarget "VLayoutManager" */;
			buildPhases = (
				1C037823191B387500A7C9DA /* Sources */,
				1C037824191B387500A7C9DA /* Frameworks */,
				1C037825191B387500A7C9DA /* CopyFiles */,
			);
			buildRules = (
			);
			dependencies = (
			);
			name = VLayoutManager;
			productName = VLayoutManager;
			productReference = 1C037827191B387500A7C9DA /* libVLayoutManager.a */;
			productType = "com.apple.product-type.library.static";
		};
		1C037836191B387500A7C9DA /* VLayoutManagerTests */ = {
			isa = PBXNativeTarget;
			buildConfigurationList = 1C03784D191B387500A7C9DA /* Build configuration list for PBXNativeTarget "VLayoutManagerTests" */;
			buildPhases = (
				1C037833191B387500A7C9DA /* Sources */,
				1C037834191B387500A7C9DA /* Frameworks */,
				1C037835191B387500A7C9DA /* Resources */,
			);
			buildRules = (
			);
			dependencies = (
				1C03783E191B387500A7C9DA /* PBXTargetDependency */,
			);
			name = VLayoutManagerTests;
			productName = VLayoutManagerTests;
			productReference = 1C037837191B387500A7C9DA /* VLayoutManagerTests.xctest */;
			productType = "com.apple.product-type.bundle.unit-test";
		};
/* End PBXNativeTarget section */

/* Begin PBXProject section */
		1C03781F191B387500A7C9DA /* Project object */ = {
			isa = PBXProject;
			attributes = {
				LastUpgradeCheck = 0510;
				ORGANIZATIONNAME = heyuan110.com;
			};
			buildConfigurationList = 1C037822191B387500A7C9DA /* Build configuration list for PBXProject "VLayoutManager" */;
			compatibilityVersion = "Xcode 3.2";
			developmentRegion = English;
			hasScannedForEncodings = 0;
			knownRegions = (
				en,
			);
			mainGroup = 1C03781E191B387500A7C9DA;
			productRefGroup = 1C037828191B387500A7C9DA /* Products */;
			projectDirPath = "";
			projectRoot = "";
			targets = (
				1C037826191B387500A7C9DA /* VLayoutManager */,
				1C037836191B387500A7C9DA /* VLayoutManagerTests */,
			);
		};
/* End PBXProject section */

/* Begin PBXResourcesBuildPhase section */
		1C037835191B387500A7C9DA /* Resources */ = {
			isa = PBXResourcesBuildPhase;
			buildActionMask = 2147483647;
			files = (
				1C037845191B387500A7C9DA /* InfoPlist.strings in Resources */,
			);
			runOnlyForDeploymentPostprocessing = 0;
		};
/* End PBXResourcesBuildPhase section */

/* Begin PBXSourcesBuildPhase section */
		1C037823191B387500A7C9DA /* Sources */ = {
			isa = PBXSourcesBuildPhase;
			buildActionMask = 2147483647;
			files = (
				1C037871191B38E400A7C9DA /* VDrawItemView.m in Sources */,
				1C03786A191B38E400A7C9DA /* VDrawItem.m in Sources */,
				1C037870191B38E400A7C9DA /* VDrawItemURL.m in Sources */,
				1C03786E191B38E400A7C9DA /* VDrawItemImage.m in Sources */,
				1C03786F191B38E400A7C9DA /* VDrawItemText.m in Sources */,
				1C03786D191B38E400A7C9DA /* VDrawItemEmotion.m in Sources */,
				1C03786C191B38E400A7C9DA /* VDrawItemCoreText.m in Sources */,
				1C03786B191B38E400A7C9DA /* VDrawItemAttatch.m in Sources */,
				1C037869191B38E400A7C9DA /* VDrawItemCanvasView.m in Sources */,
				1C037872191B38E400A7C9DA /* VLayoutInfo.m in Sources */,
				1C037873191B38E400A7C9DA /* VLayoutManager.m in Sources */,
			);
			runOnlyForDeploymentPostprocessing = 0;
		};
		1C037833191B387500A7C9DA /* Sources */ = {
			isa = PBXSourcesBuildPhase;
			buildActionMask = 2147483647;
			files = (
				1C037847191B387500A7C9DA /* VLayoutManagerTests.m in Sources */,
			);
			runOnlyForDeploymentPostprocessing = 0;
		};
/* End PBXSourcesBuildPhase section */

/* Begin PBXTargetDependency section */
		1C03783E191B387500A7C9DA /* PBXTargetDependency */ = {
			isa = PBXTargetDependency;
			target = 1C037826191B387500A7C9DA /* VLayoutManager */;
			targetProxy = 1C03783D191B387500A7C9DA /* PBXContainerItemProxy */;
		};
/* End PBXTargetDependency section */

/* Begin PBXVariantGroup section */
		1C037843191B387500A7C9DA /* InfoPlist.strings */ = {
			isa = PBXVariantGroup;
			children = (
				1C037844191B387500A7C9DA /* en */,
			);
			name = InfoPlist.strings;
			sourceTree = "<group>";
		};
/* End PBXVariantGroup section */

/* Begin XCBuildConfiguration section */
		1C037848191B387500A7C9DA /* Debug */ = {
			isa = XCBuildConfiguration;
			buildSettings = {
				ALWAYS_SEARCH_USER_PATHS = NO;
				CLANG_CXX_LANGUAGE_STANDARD = "gnu++0x";
				CLANG_CXX_LIBRARY = "libc++";
				CLANG_ENABLE_MODULES = YES;
				CLANG_ENABLE_OBJC_ARC = YES;
				CLANG_WARN_BOOL_CONVERSION = YES;
				CLANG_WARN_CONSTANT_CONVERSION = YES;
				CLANG_WARN_DIRECT_OBJC_ISA_USAGE = YES_ERROR;
				CLANG_WARN_EMPTY_BODY = YES;
				CLANG_WARN_ENUM_CONVERSION = YES;
				CLANG_WARN_INT_CONVERSION = YES;
				CLANG_WARN_OBJC_ROOT_CLASS = YES_ERROR;
				CLANG_WARN__DUPLICATE_METHOD_MATCH = YES;
				COPY_PHASE_STRIP = NO;
				GCC_C_LANGUAGE_STANDARD = gnu99;
				GCC_DYNAMIC_NO_PIC = NO;
				GCC_OPTIMIZATION_LEVEL = 0;
				GCC_PREPROCESSOR_DEFINITIONS = (
					"DEBUG=1",
					"$(inherited)",
				);
				GCC_SYMBOLS_PRIVATE_EXTERN = NO;
				GCC_WARN_64_TO_32_BIT_CONVERSION = YES;
				GCC_WARN_ABOUT_RETURN_TYPE = YES_ERROR;
				GCC_WARN_UNDECLARED_SELECTOR = YES;
				GCC_WARN_UNINITIALIZED_AUTOS = YES_AGGRESSIVE;
				GCC_WARN_UNUSED_FUNCTION = YES;
				GCC_WARN_UNUSED_VARIABLE = YES;
				IPHONEOS_DEPLOYMENT_TARGET = 5.0;
				ONLY_ACTIVE_ARCH = YES;
				SDKROOT = iphoneos;
			};
			name = Debug;
		};
		1C037849191B387500A7C9DA /* Release */ = {
			isa = XCBuildConfiguration;
			buildSettings = {
				ALWAYS_SEARCH_USER_PATHS = NO;
				CLANG_CXX_LANGUAGE_STANDARD = "gnu++0x";
				CLANG_CXX_LIBRARY = "libc++";
				CLANG_ENABLE_MODULES = YES;
				CLANG_ENABLE_OBJC_ARC = YES;
				CLANG_WARN_BOOL_CONVERSION = YES;
				CLANG_WARN_CONSTANT_CONVERSION = YES;
				CLANG_WARN_DIRECT_OBJC_ISA_USAGE = YES_ERROR;
				CLANG_WARN_EMPTY_BODY = YES;
				CLANG_WARN_ENUM_CONVERSION = YES;
				CLANG_WARN_INT_CONVERSION = YES;
				CLANG_WARN_OBJC_ROOT_CLASS = YES_ERROR;
				CLANG_WARN__DUPLICATE_METHOD_MATCH = YES;
				COPY_PHASE_STRIP = YES;
				ENABLE_NS_ASSERTIONS = NO;
				GCC_C_LANGUAGE_STANDARD = gnu99;
				GCC_WARN_64_TO_32_BIT_CONVERSION = YES;
				GCC_WARN_ABOUT_RETURN_TYPE = YES_ERROR;
				GCC_WARN_UNDECLARED_SELECTOR = YES;
				GCC_WARN_UNINITIALIZED_AUTOS = YES_AGGRESSIVE;
				GCC_WARN_UNUSED_FUNCTION = YES;
				GCC_WARN_UNUSED_VARIABLE = YES;
				IPHONEOS_DEPLOYMENT_TARGET = 5.0;
				SDKROOT = iphoneos;
				VALIDATE_PRODUCT = YES;
			};
			name = Release;
		};
		1C03784B191B387500A7C9DA /* Debug */ = {
			isa = XCBuildConfiguration;
			buildSettings = {
				DSTROOT = /tmp/VLayoutManager.dst;
				GCC_PRECOMPILE_PREFIX_HEADER = YES;
				GCC_PREFIX_HEADER = "VLayoutManager-Prefix.pch";
				OTHER_LDFLAGS = "-ObjC";
				PRODUCT_NAME = "$(TARGET_NAME)";
				SKIP_INSTALL = YES;
			};
			name = Debug;
		};
		1C03784C191B387500A7C9DA /* Release */ = {
			isa = XCBuildConfiguration;
			buildSettings = {
				DSTROOT = /tmp/VLayoutManager.dst;
				GCC_PRECOMPILE_PREFIX_HEADER = YES;
				GCC_PREFIX_HEADER = "VLayoutManager-Prefix.pch";
				OTHER_LDFLAGS = "-ObjC";
				PRODUCT_NAME = "$(TARGET_NAME)";
				SKIP_INSTALL = YES;
			};
			name = Release;
		};
		1C03784E191B387500A7C9DA /* Debug */ = {
			isa = XCBuildConfiguration;
			buildSettings = {
				FRAMEWORK_SEARCH_PATHS = (
					"$(SDKROOT)/Developer/Library/Frameworks",
					"$(inherited)",
					"$(DEVELOPER_FRAMEWORKS_DIR)",
				);
				GCC_PRECOMPILE_PREFIX_HEADER = YES;
				GCC_PREFIX_HEADER = "VLayoutManager/VLayoutManager-Prefix.pch";
				GCC_PREPROCESSOR_DEFINITIONS = (
					"DEBUG=1",
					"$(inherited)",
				);
				INFOPLIST_FILE = "VLayoutManagerTests/VLayoutManagerTests-Info.plist";
				PRODUCT_NAME = "$(TARGET_NAME)";
				WRAPPER_EXTENSION = xctest;
			};
			name = Debug;
		};
		1C03784F191B387500A7C9DA /* Release */ = {
			isa = XCBuildConfiguration;
			buildSettings = {
				FRAMEWORK_SEARCH_PATHS = (
					"$(SDKROOT)/Developer/Library/Frameworks",
					"$(inherited)",
					"$(DEVELOPER_FRAMEWORKS_DIR)",
				);
				GCC_PRECOMPILE_PREFIX_HEADER = YES;
				GCC_PREFIX_HEADER = "VLayoutManager/VLayoutManager-Prefix.pch";
				INFOPLIST_FILE = "VLayoutManagerTests/VLayoutManagerTests-Info.plist";
				PRODUCT_NAME = "$(TARGET_NAME)";
				WRAPPER_EXTENSION = xctest;
			};
			name = Release;
		};
/* End XCBuildConfiguration section */

/* Begin XCConfigurationList section */
		1C037822191B387500A7C9DA /* Build configuration list for PBXProject "VLayoutManager" */ = {
			isa = XCConfigurationList;
			buildConfigurations = (
				1C037848191B387500A7C9DA /* Debug */,
				1C037849191B387500A7C9DA /* Release */,
			);
			defaultConfigurationIsVisible = 0;
			defaultConfigurationName = Release;
		};
		1C03784A191B387500A7C9DA /* Build configuration list for PBXNativeTarget "VLayoutManager" */ = {
			isa = XCConfigurationList;
			buildConfigurations = (
				1C03784B191B387500A7C9DA /* Debug */,
				1C03784C191B387500A7C9DA /* Release */,
			);
			defaultConfigurationIsVisible = 0;
		};
		1C03784D191B387500A7C9DA /* Build configuration list for PBXNativeTarget "VLayoutManagerTests" */ = {
			isa = XCConfigurationList;
			buildConfigurations = (
				1C03784E191B387500A7C9DA /* Debug */,
				1C03784F191B387500A7C9DA /* Release */,
			);
			defaultConfigurationIsVisible = 0;
		};
/* End XCConfigurationList section */
	};
	rootObject = 1C03781F191B387500A7C9DA /* Project object */;
}
